{
    "name": "noop-service",
    "version": "0.0.1",
    "lockfileVersion": 3,
    "requires": true,
    "packages": {
        "": {
            "name": "noop-service",
            "version": "0.0.1",
            "dependencies": {
                "@honeycomb/cloud": "file://../../hc2/packages/cloud"
            }
        },
        "../../hc2/packages/cloud": {
            "name": "@honeycomb/cloud",
            "version": "0.0.1-dev",
            "license": "MIT",
            "engines": {
                "node": ">=18"
            }
        },
        "node_modules/@honeycomb/cloud": {
            "resolved": "../../hc2/packages/cloud",
            "link": true
        }
    }
}
